
Microsoft Visual Studio Solution File, Format Version 12.00
# Visual Studio Version 17
VisualStudioVersion = 17.5.33516.290
MinimumVisualStudioVersion = 10.0.40219.1
Project("{FAE04EC0-301F-11D3-BF4B-00C04F79EFBC}") = "HatPepper", "HatPepper\HatPepper.csproj", "{417C2CBA-6D47-4E14-B862-04E42E293E65}"
EndProject
Global
	GlobalSection(SolutionConfigurationPlatforms) = preSolution
		Debug|Any CPU = Debug|Any CPU
		Release|Any CPU = Release|Any CPU
	EndGlobalSection
	GlobalSection(ProjectConfigurationPlatforms) = postSolution
		{417C2CBA-6D47-4E14-B862-04E42E293E65}.Debug|Any CPU.ActiveCfg = Debug|Any CPU
		{417C2CBA-6D47-4E14-B862-04E42E293E65}.Debug|Any CPU.Build.0 = Debug|Any CPU
		{417C2CBA-6D47-4E14-B862-04E42E293E65}.Release|Any CPU.ActiveCfg = Release|Any CPU
		{417C2CBA-6D47-4E14-B862-04E42E293E65}.Release|Any CPU.Build.0 = Release|Any CPU
	EndGlobalSection
	GlobalSection(SolutionProperties) = preSolution
		HideSolutionNode = FALSE
	EndGlobalSection
	GlobalSection(ExtensibilityGlobals) = postSolution
		SolutionGuid = {E974ED3E-CE6E-4A6B-BC9C-528C0BF85F98}
	EndGlobalSection
EndGlobal
